
Microsoft Visual Studio Solution File, Format Version 12.00
# Visual Studio Version 16
VisualStudioVersion = 16.0.30503.244
MinimumVisualStudioVersion = 10.0.40219.1
Project("{9A19103F-16F7-4668-BE54-9A1E7A4F7556}") = "WebApiCore", "WebApiCore\WebApiCore.csproj", "{A6032026-E7DD-49C4-92A6-D5D36166B06E}"
EndProject
Project("{9A19103F-16F7-4668-BE54-9A1E7A4F7556}") = "WebApiCore.Service", "WebApiCore.Service\WebApiCore.Service.csproj", "{06CC4B94-A0AE-4F58-B175-7EF83B6E9002}"
EndProject
Project("{9A19103F-16F7-4668-BE54-9A1E7A4F7556}") = "WebApiCore.Interface", "WebApiCore.Interface\WebApiCore.Interface.csproj", "{462BC7EF-9894-45BE-9920-3BEC1F0662C6}"
EndProject
Project("{9A19103F-16F7-4668-BE54-9A1E7A4F7556}") = "WebApiCore.IdGenerator", "WebApiCore.IdGenerator\WebApiCore.IdGenerator.csproj", "{4778BFDD-3F5B-4B29-9FFE-89A82FB45FB9}"
EndProject
Project("{9A19103F-16F7-4668-BE54-9A1E7A4F7556}") = "WebApiCore.Utils", "WebApiCore.Utils\WebApiCore.Utils.csproj", "{B98E06B3-6EC7-41E0-8D44-ED6C35FC4593}"
EndProject
Project("{9A19103F-16F7-4668-BE54-9A1E7A4F7556}") = "WebApiCore.EF", "WebApiCore.Entity\WebApiCore.EF.csproj", "{D882F16C-BE1A-4796-8370-D5BFDAEC8283}"
EndProject
Project("{2150E333-8FDC-42A3-9474-1A3956D46DE8}") = "数据库访问", "数据库访问", "{D89FA5C6-6BA8-4381-B1B1-2F91613B9562}"
EndProject
Project("{9A19103F-16F7-4668-BE54-9A1E7A4F7556}") = "WebApiCore.Entity", "WebApiCore.EF\WebApiCore.Entity.csproj", "{6AB1CA32-7D71-4078-A03C-39214C9B0917}"
EndProject
Project("{9A19103F-16F7-4668-BE54-9A1E7A4F7556}") = "ApiUnitTest", "ApiUnitTest\ApiUnitTest.csproj", "{68A7719A-EBCB-4EE4-813D-1E9C4903DC07}"
EndProject
Project("{2150E333-8FDC-42A3-9474-1A3956D46DE8}") = "测试", "测试", "{78BF3298-1B9B-4DE4-8FE5-5811345811CA}"
EndProject
Project("{2150E333-8FDC-42A3-9474-1A3956D46DE8}") = "API", "API", "{A369305D-8E92-494C-81EE-209BEA74662B}"
EndProject
Project("{2150E333-8FDC-42A3-9474-1A3956D46DE8}") = "基础库", "基础库", "{535F0BCF-AD7F-40D6-B94B-0C54142AEE95}"
EndProject
Project("{2150E333-8FDC-42A3-9474-1A3956D46DE8}") = "业务服务层", "业务服务层", "{C6EE3DD0-6819-4160-A7A0-9A0EE2710414}"
EndProject
Project("{2150E333-8FDC-42A3-9474-1A3956D46DE8}") = "缓存", "缓存", "{B2EEBED3-F185-4731-81CD-05D15C1BF4FD}"
EndProject
Global
	GlobalSection(SolutionConfigurationPlatforms) = preSolution
		Debug|Any CPU = Debug|Any CPU
		Release|Any CPU = Release|Any CPU
	EndGlobalSection
	GlobalSection(ProjectConfigurationPlatforms) = postSolution
		{A6032026-E7DD-49C4-92A6-D5D36166B06E}.Debug|Any CPU.ActiveCfg = Debug|Any CPU
		{A6032026-E7DD-49C4-92A6-D5D36166B06E}.Debug|Any CPU.Build.0 = Debug|Any CPU
		{A6032026-E7DD-49C4-92A6-D5D36166B06E}.Release|Any CPU.ActiveCfg = Release|Any CPU
		{A6032026-E7DD-49C4-92A6-D5D36166B06E}.Release|Any CPU.Build.0 = Release|Any CPU
		{06CC4B94-A0AE-4F58-B175-7EF83B6E9002}.Debug|Any CPU.ActiveCfg = Debug|Any CPU
		{06CC4B94-A0AE-4F58-B175-7EF83B6E9002}.Debug|Any CPU.Build.0 = Debug|Any CPU
		{06CC4B94-A0AE-4F58-B175-7EF83B6E9002}.Release|Any CPU.ActiveCfg = Release|Any CPU
		{06CC4B94-A0AE-4F58-B175-7EF83B6E9002}.Release|Any CPU.Build.0 = Release|Any CPU
		{462BC7EF-9894-45BE-9920-3BEC1F0662C6}.Debug|Any CPU.ActiveCfg = Debug|Any CPU
		{462BC7EF-9894-45BE-9920-3BEC1F0662C6}.Debug|Any CPU.Build.0 = Debug|Any CPU
		{462BC7EF-9894-45BE-9920-3BEC1F0662C6}.Release|Any CPU.ActiveCfg = Release|Any CPU
		{462BC7EF-9894-45BE-9920-3BEC1F0662C6}.Release|Any CPU.Build.0 = Release|Any CPU
		{4778BFDD-3F5B-4B29-9FFE-89A82FB45FB9}.Debug|Any CPU.ActiveCfg = Debug|Any CPU
		{4778BFDD-3F5B-4B29-9FFE-89A82FB45FB9}.Debug|Any CPU.Build.0 = Debug|Any CPU
		{4778BFDD-3F5B-4B29-9FFE-89A82FB45FB9}.Release|Any CPU.ActiveCfg = Release|Any CPU
		{4778BFDD-3F5B-4B29-9FFE-89A82FB45FB9}.Release|Any CPU.Build.0 = Release|Any CPU
		{B98E06B3-6EC7-41E0-8D44-ED6C35FC4593}.Debug|Any CPU.ActiveCfg = Debug|Any CPU
		{B98E06B3-6EC7-41E0-8D44-ED6C35FC4593}.Debug|Any CPU.Build.0 = Debug|Any CPU
		{B98E06B3-6EC7-41E0-8D44-ED6C35FC4593}.Release|Any CPU.ActiveCfg = Release|Any CPU
		{B98E06B3-6EC7-41E0-8D44-ED6C35FC4593}.Release|Any CPU.Build.0 = Release|Any CPU
		{D882F16C-BE1A-4796-8370-D5BFDAEC8283}.Debug|Any CPU.ActiveCfg = Debug|Any CPU
		{D882F16C-BE1A-4796-8370-D5BFDAEC8283}.Debug|Any CPU.Build.0 = Debug|Any CPU
		{D882F16C-BE1A-4796-8370-D5BFDAEC8283}.Release|Any CPU.ActiveCfg = Release|Any CPU
		{D882F16C-BE1A-4796-8370-D5BFDAEC8283}.Release|Any CPU.Build.0 = Release|Any CPU
		{6AB1CA32-7D71-4078-A03C-39214C9B0917}.Debug|Any CPU.ActiveCfg = Debug|Any CPU
		{6AB1CA32-7D71-4078-A03C-39214C9B0917}.Debug|Any CPU.Build.0 = Debug|Any CPU
		{6AB1CA32-7D71-4078-A03C-39214C9B0917}.Release|Any CPU.ActiveCfg = Release|Any CPU
		{6AB1CA32-7D71-4078-A03C-39214C9B0917}.Release|Any CPU.Build.0 = Release|Any CPU
		{68A7719A-EBCB-4EE4-813D-1E9C4903DC07}.Debug|Any CPU.ActiveCfg = Debug|Any CPU
		{68A7719A-EBCB-4EE4-813D-1E9C4903DC07}.Debug|Any CPU.Build.0 = Debug|Any CPU
		{68A7719A-EBCB-4EE4-813D-1E9C4903DC07}.Release|Any CPU.ActiveCfg = Release|Any CPU
		{68A7719A-EBCB-4EE4-813D-1E9C4903DC07}.Release|Any CPU.Build.0 = Release|Any CPU
	EndGlobalSection
	GlobalSection(SolutionProperties) = preSolution
		HideSolutionNode = FALSE
	EndGlobalSection
	GlobalSection(NestedProjects) = preSolution
		{A6032026-E7DD-49C4-92A6-D5D36166B06E} = {A369305D-8E92-494C-81EE-209BEA74662B}
		{06CC4B94-A0AE-4F58-B175-7EF83B6E9002} = {C6EE3DD0-6819-4160-A7A0-9A0EE2710414}
		{462BC7EF-9894-45BE-9920-3BEC1F0662C6} = {C6EE3DD0-6819-4160-A7A0-9A0EE2710414}
		{4778BFDD-3F5B-4B29-9FFE-89A82FB45FB9} = {535F0BCF-AD7F-40D6-B94B-0C54142AEE95}
		{B98E06B3-6EC7-41E0-8D44-ED6C35FC4593} = {535F0BCF-AD7F-40D6-B94B-0C54142AEE95}
		{D882F16C-BE1A-4796-8370-D5BFDAEC8283} = {D89FA5C6-6BA8-4381-B1B1-2F91613B9562}
		{6AB1CA32-7D71-4078-A03C-39214C9B0917} = {D89FA5C6-6BA8-4381-B1B1-2F91613B9562}
		{68A7719A-EBCB-4EE4-813D-1E9C4903DC07} = {78BF3298-1B9B-4DE4-8FE5-5811345811CA}
	EndGlobalSection
	GlobalSection(ExtensibilityGlobals) = postSolution
		SolutionGuid = {CBE522E4-37DE-4D2E-BC67-5774F47C3C1D}
	EndGlobalSection
EndGlobal
