
Microsoft Visual Studio Solution File, Format Version 12.00
# Visual Studio Version 16
VisualStudioVersion = 16.0.30503.244
MinimumVisualStudioVersion = 10.0.40219.1
Project("{9A19103F-16F7-4668-BE54-9A1E7A4F7556}") = "WebApiCore", "WebApiCore\WebApiCore.csproj", "{A6032026-E7DD-49C4-92A6-D5D36166B06E}"
EndProject
Project("{2150E333-8FDC-42A3-9474-1A3956D46DE8}") = "数据库访问", "数据库访问", "{D89FA5C6-6BA8-4381-B1B1-2F91613B9562}"
EndProject
Project("{9A19103F-16F7-4668-BE54-9A1E7A4F7556}") = "EFUnitTest", "ApiUnitTest\EFUnitTest.csproj", "{68A7719A-EBCB-4EE4-813D-1E9C4903DC07}"
EndProject
Project("{2150E333-8FDC-42A3-9474-1A3956D46DE8}") = "测试", "测试", "{78BF3298-1B9B-4DE4-8FE5-5811345811CA}"
EndProject
Project("{2150E333-8FDC-42A3-9474-1A3956D46DE8}") = "API", "API", "{A369305D-8E92-494C-81EE-209BEA74662B}"
EndProject
Project("{2150E333-8FDC-42A3-9474-1A3956D46DE8}") = "基础库", "基础库", "{535F0BCF-AD7F-40D6-B94B-0C54142AEE95}"
EndProject
Project("{2150E333-8FDC-42A3-9474-1A3956D46DE8}") = "业务服务层", "业务服务层", "{C6EE3DD0-6819-4160-A7A0-9A0EE2710414}"
EndProject
Project("{2150E333-8FDC-42A3-9474-1A3956D46DE8}") = "缓存", "缓存", "{B2EEBED3-F185-4731-81CD-05D15C1BF4FD}"
EndProject
Project("{9A19103F-16F7-4668-BE54-9A1E7A4F7556}") = "WebApiCore.Core", "WebApiCore.Core\WebApiCore.Core.csproj", "{1A845D59-57EC-468B-B9A3-A426EC812A14}"
EndProject
Project("{9A19103F-16F7-4668-BE54-9A1E7A4F7556}") = "WebApiCore.Business.Abstractions", "WebApiCore.Business.Abstractions\WebApiCore.Business.Abstractions.csproj", "{8A63368F-4CB3-4536-A112-2156A1FD5772}"
EndProject
Project("{9A19103F-16F7-4668-BE54-9A1E7A4F7556}") = "WebApiCore.Business.Service", "WebApiCore.Business.Service\WebApiCore.Business.Service.csproj", "{EBBE382A-1877-403A-B499-87C5BF1FE80C}"
EndProject
Project("{9A19103F-16F7-4668-BE54-9A1E7A4F7556}") = "WebApiCore.Lib.Utils", "WebApiCore.Lib.Utils\WebApiCore.Lib.Utils.csproj", "{70E2C1AD-9C61-4314-A60F-FBC9DE52FC7F}"
EndProject
Project("{9A19103F-16F7-4668-BE54-9A1E7A4F7556}") = "WebApiCore.Lib.AutoJob.Abstractions", "WebApiCore.Lib.AutoJob.Abstractions\WebApiCore.Lib.AutoJob.Abstractions.csproj", "{E84C4A2B-87BC-4E00-B0BE-BE3979E151EF}"
EndProject
Project("{9A19103F-16F7-4668-BE54-9A1E7A4F7556}") = "WebApiCore.Lib.AutoJob", "WebApiCore.Lib.AutoJob\WebApiCore.Lib.AutoJob.csproj", "{6362C89B-A4F8-4C84-B577-EB9E6C1F5973}"
EndProject
Project("{9A19103F-16F7-4668-BE54-9A1E7A4F7556}") = "WebApiCore.Lib.IdGenerator", "WebApiCore.Lib.IdGenerator\WebApiCore.Lib.IdGenerator.csproj", "{4D677D97-0DBB-4DBE-BFFF-973B21DC514D}"
EndProject
Project("{9A19103F-16F7-4668-BE54-9A1E7A4F7556}") = "WebApiCore.Data.Entity", "WebApiCore.Data.Entity\WebApiCore.Data.Entity.csproj", "{29A32CFC-E46B-47ED-B111-4221D1D1C462}"
EndProject
Project("{9A19103F-16F7-4668-BE54-9A1E7A4F7556}") = "WebApiCore.Data.EF", "WebApiCore.Data.EF\WebApiCore.Data.EF.csproj", "{CB905ED2-DD24-4C24-8AFE-F0656B3DBC04}"
EndProject
Project("{9A19103F-16F7-4668-BE54-9A1E7A4F7556}") = "WebApiCore.Lib.Cache", "WebApiCore.Lib.Cache\WebApiCore.Lib.Cache.csproj", "{658052CD-5308-47ED-A3FF-3B6BB4BCBB0B}"
EndProject
Project("{FAE04EC0-301F-11D3-BF4B-00C04F79EFBC}") = "CacheUnitTest", "CacheUnitTest\CacheUnitTest.csproj", "{C4095E7C-9487-4C95-BAC6-F8B4A06B3A75}"
EndProject
Project("{FAE04EC0-301F-11D3-BF4B-00C04F79EFBC}") = "WebApiCore.Lib.CacheAbstractions", "WebApiCore.Lib.CacheAbstractions\WebApiCore.Lib.CacheAbstractions.csproj", "{069AB68B-E6F8-489D-A723-72F4E7B1CC10}"
EndProject
Global
	GlobalSection(SolutionConfigurationPlatforms) = preSolution
		Debug|Any CPU = Debug|Any CPU
		Release|Any CPU = Release|Any CPU
	EndGlobalSection
	GlobalSection(ProjectConfigurationPlatforms) = postSolution
		{A6032026-E7DD-49C4-92A6-D5D36166B06E}.Debug|Any CPU.ActiveCfg = Debug|Any CPU
		{A6032026-E7DD-49C4-92A6-D5D36166B06E}.Debug|Any CPU.Build.0 = Debug|Any CPU
		{A6032026-E7DD-49C4-92A6-D5D36166B06E}.Release|Any CPU.ActiveCfg = Release|Any CPU
		{A6032026-E7DD-49C4-92A6-D5D36166B06E}.Release|Any CPU.Build.0 = Release|Any CPU
		{68A7719A-EBCB-4EE4-813D-1E9C4903DC07}.Debug|Any CPU.ActiveCfg = Debug|Any CPU
		{68A7719A-EBCB-4EE4-813D-1E9C4903DC07}.Debug|Any CPU.Build.0 = Debug|Any CPU
		{68A7719A-EBCB-4EE4-813D-1E9C4903DC07}.Release|Any CPU.ActiveCfg = Release|Any CPU
		{68A7719A-EBCB-4EE4-813D-1E9C4903DC07}.Release|Any CPU.Build.0 = Release|Any CPU
		{1A845D59-57EC-468B-B9A3-A426EC812A14}.Debug|Any CPU.ActiveCfg = Debug|Any CPU
		{1A845D59-57EC-468B-B9A3-A426EC812A14}.Debug|Any CPU.Build.0 = Debug|Any CPU
		{1A845D59-57EC-468B-B9A3-A426EC812A14}.Release|Any CPU.ActiveCfg = Release|Any CPU
		{1A845D59-57EC-468B-B9A3-A426EC812A14}.Release|Any CPU.Build.0 = Release|Any CPU
		{8A63368F-4CB3-4536-A112-2156A1FD5772}.Debug|Any CPU.ActiveCfg = Debug|Any CPU
		{8A63368F-4CB3-4536-A112-2156A1FD5772}.Debug|Any CPU.Build.0 = Debug|Any CPU
		{8A63368F-4CB3-4536-A112-2156A1FD5772}.Release|Any CPU.ActiveCfg = Release|Any CPU
		{8A63368F-4CB3-4536-A112-2156A1FD5772}.Release|Any CPU.Build.0 = Release|Any CPU
		{EBBE382A-1877-403A-B499-87C5BF1FE80C}.Debug|Any CPU.ActiveCfg = Debug|Any CPU
		{EBBE382A-1877-403A-B499-87C5BF1FE80C}.Debug|Any CPU.Build.0 = Debug|Any CPU
		{EBBE382A-1877-403A-B499-87C5BF1FE80C}.Release|Any CPU.ActiveCfg = Release|Any CPU
		{EBBE382A-1877-403A-B499-87C5BF1FE80C}.Release|Any CPU.Build.0 = Release|Any CPU
		{70E2C1AD-9C61-4314-A60F-FBC9DE52FC7F}.Debug|Any CPU.ActiveCfg = Debug|Any CPU
		{70E2C1AD-9C61-4314-A60F-FBC9DE52FC7F}.Debug|Any CPU.Build.0 = Debug|Any CPU
		{70E2C1AD-9C61-4314-A60F-FBC9DE52FC7F}.Release|Any CPU.ActiveCfg = Release|Any CPU
		{70E2C1AD-9C61-4314-A60F-FBC9DE52FC7F}.Release|Any CPU.Build.0 = Release|Any CPU
		{E84C4A2B-87BC-4E00-B0BE-BE3979E151EF}.Debug|Any CPU.ActiveCfg = Debug|Any CPU
		{E84C4A2B-87BC-4E00-B0BE-BE3979E151EF}.Debug|Any CPU.Build.0 = Debug|Any CPU
		{E84C4A2B-87BC-4E00-B0BE-BE3979E151EF}.Release|Any CPU.ActiveCfg = Release|Any CPU
		{E84C4A2B-87BC-4E00-B0BE-BE3979E151EF}.Release|Any CPU.Build.0 = Release|Any CPU
		{6362C89B-A4F8-4C84-B577-EB9E6C1F5973}.Debug|Any CPU.ActiveCfg = Debug|Any CPU
		{6362C89B-A4F8-4C84-B577-EB9E6C1F5973}.Debug|Any CPU.Build.0 = Debug|Any CPU
		{6362C89B-A4F8-4C84-B577-EB9E6C1F5973}.Release|Any CPU.ActiveCfg = Release|Any CPU
		{6362C89B-A4F8-4C84-B577-EB9E6C1F5973}.Release|Any CPU.Build.0 = Release|Any CPU
		{4D677D97-0DBB-4DBE-BFFF-973B21DC514D}.Debug|Any CPU.ActiveCfg = Debug|Any CPU
		{4D677D97-0DBB-4DBE-BFFF-973B21DC514D}.Debug|Any CPU.Build.0 = Debug|Any CPU
		{4D677D97-0DBB-4DBE-BFFF-973B21DC514D}.Release|Any CPU.ActiveCfg = Release|Any CPU
		{4D677D97-0DBB-4DBE-BFFF-973B21DC514D}.Release|Any CPU.Build.0 = Release|Any CPU
		{29A32CFC-E46B-47ED-B111-4221D1D1C462}.Debug|Any CPU.ActiveCfg = Debug|Any CPU
		{29A32CFC-E46B-47ED-B111-4221D1D1C462}.Debug|Any CPU.Build.0 = Debug|Any CPU
		{29A32CFC-E46B-47ED-B111-4221D1D1C462}.Release|Any CPU.ActiveCfg = Release|Any CPU
		{29A32CFC-E46B-47ED-B111-4221D1D1C462}.Release|Any CPU.Build.0 = Release|Any CPU
		{CB905ED2-DD24-4C24-8AFE-F0656B3DBC04}.Debug|Any CPU.ActiveCfg = Debug|Any CPU
		{CB905ED2-DD24-4C24-8AFE-F0656B3DBC04}.Debug|Any CPU.Build.0 = Debug|Any CPU
		{CB905ED2-DD24-4C24-8AFE-F0656B3DBC04}.Release|Any CPU.ActiveCfg = Release|Any CPU
		{CB905ED2-DD24-4C24-8AFE-F0656B3DBC04}.Release|Any CPU.Build.0 = Release|Any CPU
		{658052CD-5308-47ED-A3FF-3B6BB4BCBB0B}.Debug|Any CPU.ActiveCfg = Debug|Any CPU
		{658052CD-5308-47ED-A3FF-3B6BB4BCBB0B}.Debug|Any CPU.Build.0 = Debug|Any CPU
		{658052CD-5308-47ED-A3FF-3B6BB4BCBB0B}.Release|Any CPU.ActiveCfg = Release|Any CPU
		{658052CD-5308-47ED-A3FF-3B6BB4BCBB0B}.Release|Any CPU.Build.0 = Release|Any CPU
		{C4095E7C-9487-4C95-BAC6-F8B4A06B3A75}.Debug|Any CPU.ActiveCfg = Debug|Any CPU
		{C4095E7C-9487-4C95-BAC6-F8B4A06B3A75}.Debug|Any CPU.Build.0 = Debug|Any CPU
		{C4095E7C-9487-4C95-BAC6-F8B4A06B3A75}.Release|Any CPU.ActiveCfg = Release|Any CPU
		{C4095E7C-9487-4C95-BAC6-F8B4A06B3A75}.Release|Any CPU.Build.0 = Release|Any CPU
		{069AB68B-E6F8-489D-A723-72F4E7B1CC10}.Debug|Any CPU.ActiveCfg = Debug|Any CPU
		{069AB68B-E6F8-489D-A723-72F4E7B1CC10}.Debug|Any CPU.Build.0 = Debug|Any CPU
		{069AB68B-E6F8-489D-A723-72F4E7B1CC10}.Release|Any CPU.ActiveCfg = Release|Any CPU
		{069AB68B-E6F8-489D-A723-72F4E7B1CC10}.Release|Any CPU.Build.0 = Release|Any CPU
	EndGlobalSection
	GlobalSection(SolutionProperties) = preSolution
		HideSolutionNode = FALSE
	EndGlobalSection
	GlobalSection(NestedProjects) = preSolution
		{A6032026-E7DD-49C4-92A6-D5D36166B06E} = {A369305D-8E92-494C-81EE-209BEA74662B}
		{68A7719A-EBCB-4EE4-813D-1E9C4903DC07} = {78BF3298-1B9B-4DE4-8FE5-5811345811CA}
		{1A845D59-57EC-468B-B9A3-A426EC812A14} = {A369305D-8E92-494C-81EE-209BEA74662B}
		{8A63368F-4CB3-4536-A112-2156A1FD5772} = {C6EE3DD0-6819-4160-A7A0-9A0EE2710414}
		{EBBE382A-1877-403A-B499-87C5BF1FE80C} = {C6EE3DD0-6819-4160-A7A0-9A0EE2710414}
		{70E2C1AD-9C61-4314-A60F-FBC9DE52FC7F} = {535F0BCF-AD7F-40D6-B94B-0C54142AEE95}
		{E84C4A2B-87BC-4E00-B0BE-BE3979E151EF} = {535F0BCF-AD7F-40D6-B94B-0C54142AEE95}
		{6362C89B-A4F8-4C84-B577-EB9E6C1F5973} = {535F0BCF-AD7F-40D6-B94B-0C54142AEE95}
		{4D677D97-0DBB-4DBE-BFFF-973B21DC514D} = {535F0BCF-AD7F-40D6-B94B-0C54142AEE95}
		{29A32CFC-E46B-47ED-B111-4221D1D1C462} = {D89FA5C6-6BA8-4381-B1B1-2F91613B9562}
		{CB905ED2-DD24-4C24-8AFE-F0656B3DBC04} = {D89FA5C6-6BA8-4381-B1B1-2F91613B9562}
		{658052CD-5308-47ED-A3FF-3B6BB4BCBB0B} = {B2EEBED3-F185-4731-81CD-05D15C1BF4FD}
		{C4095E7C-9487-4C95-BAC6-F8B4A06B3A75} = {78BF3298-1B9B-4DE4-8FE5-5811345811CA}
		{069AB68B-E6F8-489D-A723-72F4E7B1CC10} = {B2EEBED3-F185-4731-81CD-05D15C1BF4FD}
	EndGlobalSection
	GlobalSection(ExtensibilityGlobals) = postSolution
		SolutionGuid = {CBE522E4-37DE-4D2E-BC67-5774F47C3C1D}
	EndGlobalSection
EndGlobal
