
Microsoft Visual Studio Solution File, Format Version 12.00
# Visual Studio Version 16
VisualStudioVersion = 16.0.30503.244
MinimumVisualStudioVersion = 10.0.40219.1
Project("{9A19103F-16F7-4668-BE54-9A1E7A4F7556}") = "WebApiCore", "WebApiCore\WebApiCore.csproj", "{A6032026-E7DD-49C4-92A6-D5D36166B06E}"
EndProject
Project("{9A19103F-16F7-4668-BE54-9A1E7A4F7556}") = "WebApiCore.IOC.Service", "WebApiCore.IOC.Service\WebApiCore.IOC.Service.csproj", "{06CC4B94-A0AE-4F58-B175-7EF83B6E9002}"
EndProject
Project("{9A19103F-16F7-4668-BE54-9A1E7A4F7556}") = "WebApiCore.IOC.Interface", "WebApiCore.IOC.Interface\WebApiCore.IOC.Interface.csproj", "{462BC7EF-9894-45BE-9920-3BEC1F0662C6}"
EndProject
Project("{9A19103F-16F7-4668-BE54-9A1E7A4F7556}") = "WebApiCore.IdGenerator", "WebApiCore.IdGenerator\WebApiCore.IdGenerator.csproj", "{4778BFDD-3F5B-4B29-9FFE-89A82FB45FB9}"
EndProject
Project("{9A19103F-16F7-4668-BE54-9A1E7A4F7556}") = "WebApiCore.Utils", "WebApiCore.Utils\WebApiCore.Utils.csproj", "{B98E06B3-6EC7-41E0-8D44-ED6C35FC4593}"
EndProject
Project("{FAE04EC0-301F-11D3-BF4B-00C04F79EFBC}") = "WebApiCore.Test.DB", "WebApiCode.Test.DB\WebApiCore.Test.DB.csproj", "{9A294145-E7B1-43EA-8B7A-EA70668B4E88}"
EndProject
Project("{FAE04EC0-301F-11D3-BF4B-00C04F79EFBC}") = "WebApiCore.Entity", "WebApiCore.Entity\WebApiCore.Entity.csproj", "{D882F16C-BE1A-4796-8370-D5BFDAEC8283}"
EndProject
Global
	GlobalSection(SolutionConfigurationPlatforms) = preSolution
		Debug|Any CPU = Debug|Any CPU
		Release|Any CPU = Release|Any CPU
	EndGlobalSection
	GlobalSection(ProjectConfigurationPlatforms) = postSolution
		{A6032026-E7DD-49C4-92A6-D5D36166B06E}.Debug|Any CPU.ActiveCfg = Debug|Any CPU
		{A6032026-E7DD-49C4-92A6-D5D36166B06E}.Debug|Any CPU.Build.0 = Debug|Any CPU
		{A6032026-E7DD-49C4-92A6-D5D36166B06E}.Release|Any CPU.ActiveCfg = Release|Any CPU
		{A6032026-E7DD-49C4-92A6-D5D36166B06E}.Release|Any CPU.Build.0 = Release|Any CPU
		{06CC4B94-A0AE-4F58-B175-7EF83B6E9002}.Debug|Any CPU.ActiveCfg = Debug|Any CPU
		{06CC4B94-A0AE-4F58-B175-7EF83B6E9002}.Debug|Any CPU.Build.0 = Debug|Any CPU
		{06CC4B94-A0AE-4F58-B175-7EF83B6E9002}.Release|Any CPU.ActiveCfg = Release|Any CPU
		{06CC4B94-A0AE-4F58-B175-7EF83B6E9002}.Release|Any CPU.Build.0 = Release|Any CPU
		{462BC7EF-9894-45BE-9920-3BEC1F0662C6}.Debug|Any CPU.ActiveCfg = Debug|Any CPU
		{462BC7EF-9894-45BE-9920-3BEC1F0662C6}.Debug|Any CPU.Build.0 = Debug|Any CPU
		{462BC7EF-9894-45BE-9920-3BEC1F0662C6}.Release|Any CPU.ActiveCfg = Release|Any CPU
		{462BC7EF-9894-45BE-9920-3BEC1F0662C6}.Release|Any CPU.Build.0 = Release|Any CPU
		{4778BFDD-3F5B-4B29-9FFE-89A82FB45FB9}.Debug|Any CPU.ActiveCfg = Debug|Any CPU
		{4778BFDD-3F5B-4B29-9FFE-89A82FB45FB9}.Debug|Any CPU.Build.0 = Debug|Any CPU
		{4778BFDD-3F5B-4B29-9FFE-89A82FB45FB9}.Release|Any CPU.ActiveCfg = Release|Any CPU
		{4778BFDD-3F5B-4B29-9FFE-89A82FB45FB9}.Release|Any CPU.Build.0 = Release|Any CPU
		{B98E06B3-6EC7-41E0-8D44-ED6C35FC4593}.Debug|Any CPU.ActiveCfg = Debug|Any CPU
		{B98E06B3-6EC7-41E0-8D44-ED6C35FC4593}.Debug|Any CPU.Build.0 = Debug|Any CPU
		{B98E06B3-6EC7-41E0-8D44-ED6C35FC4593}.Release|Any CPU.ActiveCfg = Release|Any CPU
		{B98E06B3-6EC7-41E0-8D44-ED6C35FC4593}.Release|Any CPU.Build.0 = Release|Any CPU
		{9A294145-E7B1-43EA-8B7A-EA70668B4E88}.Debug|Any CPU.ActiveCfg = Debug|Any CPU
		{9A294145-E7B1-43EA-8B7A-EA70668B4E88}.Debug|Any CPU.Build.0 = Debug|Any CPU
		{9A294145-E7B1-43EA-8B7A-EA70668B4E88}.Release|Any CPU.ActiveCfg = Release|Any CPU
		{9A294145-E7B1-43EA-8B7A-EA70668B4E88}.Release|Any CPU.Build.0 = Release|Any CPU
		{D882F16C-BE1A-4796-8370-D5BFDAEC8283}.Debug|Any CPU.ActiveCfg = Debug|Any CPU
		{D882F16C-BE1A-4796-8370-D5BFDAEC8283}.Debug|Any CPU.Build.0 = Debug|Any CPU
		{D882F16C-BE1A-4796-8370-D5BFDAEC8283}.Release|Any CPU.ActiveCfg = Release|Any CPU
		{D882F16C-BE1A-4796-8370-D5BFDAEC8283}.Release|Any CPU.Build.0 = Release|Any CPU
	EndGlobalSection
	GlobalSection(SolutionProperties) = preSolution
		HideSolutionNode = FALSE
	EndGlobalSection
	GlobalSection(ExtensibilityGlobals) = postSolution
		SolutionGuid = {CBE522E4-37DE-4D2E-BC67-5774F47C3C1D}
	EndGlobalSection
EndGlobal
